version = 1
revision = 1
requires-python = ">=3.11"

[[package]]
name = "astroid"
version = "3.3.9"
source = { registry = "https://pypi.org/simple" }
sdist = { url = "https://files.pythonhosted.org/packages/39/33/536530122a22a7504b159bccaf30a1f76aa19d23028bd8b5009eb9b2efea/astroid-3.3.9.tar.gz", hash = "sha256:622cc8e3048684aa42c820d9d218978021c3c3d174fb03a9f0d615921744f550", size = 398731 }
wheels = [
    { url = "https://files.pythonhosted.org/packages/de/80/c749efbd8eef5ea77c7d6f1956e8fbfb51963b7f93ef79647afd4d9886e3/astroid-3.3.9-py3-none-any.whl", hash = "sha256:d05bfd0acba96a7bd43e222828b7d9bc1e138aaeb0649707908d3702a9831248", size = 275339 },
]

[[package]]
name = "pre-commit-hooks"
version = "0.5.0"
source = { editable = "." }
dependencies = [
    { name = "astroid" },
]

[package.metadata]
requires-dist = [{ name = "astroid", specifier = "==3.3.9" }]
